
Microsoft Visual Studio Solution File, Format Version 12.00
Project("{FAE04EC0-301F-11D3-BF4B-00C04F79EFBC}") = "IC_BikeTrainer_Backend", "IC_BikeTrainer_Backend\IC_BikeTrainer_Backend.csproj", "{CF6C1443-A7A0-41CD-AD16-236163070F29}"
EndProject
Project("{FAE04EC0-301F-11D3-BF4B-00C04F79EFBC}") = "IC_BikeTrainer_Backend.UnitTests", "IC_BikeTrainer_Backend.UnitTests\IC_BikeTrainer_Backend.UnitTests.csproj", "{D21DE16B-C23A-4729-8716-6DB7AACEA8D0}"
EndProject
Global
	GlobalSection(SolutionConfigurationPlatforms) = preSolution
		Debug|Any CPU = Debug|Any CPU
		Release|Any CPU = Release|Any CPU
	EndGlobalSection
	GlobalSection(ProjectConfigurationPlatforms) = postSolution
		{CF6C1443-A7A0-41CD-AD16-236163070F29}.Debug|Any CPU.ActiveCfg = Debug|Any CPU
		{CF6C1443-A7A0-41CD-AD16-236163070F29}.Debug|Any CPU.Build.0 = Debug|Any CPU
		{CF6C1443-A7A0-41CD-AD16-236163070F29}.Release|Any CPU.ActiveCfg = Release|Any CPU
		{CF6C1443-A7A0-41CD-AD16-236163070F29}.Release|Any CPU.Build.0 = Release|Any CPU
		{D21DE16B-C23A-4729-8716-6DB7AACEA8D0}.Debug|Any CPU.ActiveCfg = Debug|Any CPU
		{D21DE16B-C23A-4729-8716-6DB7AACEA8D0}.Debug|Any CPU.Build.0 = Debug|Any CPU
		{D21DE16B-C23A-4729-8716-6DB7AACEA8D0}.Release|Any CPU.ActiveCfg = Release|Any CPU
		{D21DE16B-C23A-4729-8716-6DB7AACEA8D0}.Release|Any CPU.Build.0 = Release|Any CPU
	EndGlobalSection
EndGlobal
